
Microsoft Visual Studio Solution File, Format Version 12.00
# Visual Studio Version 16
VisualStudioVersion = 16.0.30503.244
MinimumVisualStudioVersion = 10.0.40219.1
Project("{9A19103F-16F7-4668-BE54-9A1E7A4F7556}") = "AdventOfCode", "AdventOfCode\AdventOfCode.csproj", "{305D1F97-AAFF-4E3D-A164-F997354FE2DB}"
EndProject
Project("{9A19103F-16F7-4668-BE54-9A1E7A4F7556}") = "AdventOfCodeTests", "AdventOfCodeTests\AdventOfCodeTests.csproj", "{FE37A53C-B9EB-4B11-87A4-094FC200C495}"
EndProject
Project("{2150E333-8FDC-42A3-9474-1A3956D46DE8}") = "Solution Items", "Solution Items", "{4DD6D0E9-90BD-41EE-B086-C4F8DACF1BF4}"
	ProjectSection(SolutionItems) = preProject
		.editorconfig = .editorconfig
	EndProjectSection
EndProject
Global
	GlobalSection(SolutionConfigurationPlatforms) = preSolution
		Debug|Any CPU = Debug|Any CPU
		Release|Any CPU = Release|Any CPU
	EndGlobalSection
	GlobalSection(ProjectConfigurationPlatforms) = postSolution
		{305D1F97-AAFF-4E3D-A164-F997354FE2DB}.Debug|Any CPU.ActiveCfg = Debug|Any CPU
		{305D1F97-AAFF-4E3D-A164-F997354FE2DB}.Debug|Any CPU.Build.0 = Debug|Any CPU
		{305D1F97-AAFF-4E3D-A164-F997354FE2DB}.Release|Any CPU.ActiveCfg = Release|Any CPU
		{305D1F97-AAFF-4E3D-A164-F997354FE2DB}.Release|Any CPU.Build.0 = Release|Any CPU
		{FE37A53C-B9EB-4B11-87A4-094FC200C495}.Debug|Any CPU.ActiveCfg = Debug|Any CPU
		{FE37A53C-B9EB-4B11-87A4-094FC200C495}.Debug|Any CPU.Build.0 = Debug|Any CPU
		{FE37A53C-B9EB-4B11-87A4-094FC200C495}.Release|Any CPU.ActiveCfg = Release|Any CPU
		{FE37A53C-B9EB-4B11-87A4-094FC200C495}.Release|Any CPU.Build.0 = Release|Any CPU
	EndGlobalSection
	GlobalSection(SolutionProperties) = preSolution
		HideSolutionNode = FALSE
	EndGlobalSection
	GlobalSection(ExtensibilityGlobals) = postSolution
		SolutionGuid = {96B10BF2-CC57-46EC-B3D2-BE815A419DC2}
	EndGlobalSection
EndGlobal
