
Microsoft Visual Studio Solution File, Format Version 12.00
# Visual Studio Version 16
VisualStudioVersion = 16.0.30503.244
MinimumVisualStudioVersion = 10.0.40219.1
Project("{FAE04EC0-301F-11D3-BF4B-00C04F79EFBC}") = "AdventOfCode", "AdventOfCode\AdventOfCode.csproj", "{305D1F97-AAFF-4E3D-A164-F997354FE2DB}"
EndProject
Project("{FAE04EC0-301F-11D3-BF4B-00C04F79EFBC}") = "AdventOfCodeTests", "AdventOfCodeTests\AdventOfCodeTests.csproj", "{FE37A53C-B9EB-4B11-87A4-094FC200C495}"
EndProject
Global
	GlobalSection(SolutionConfigurationPlatforms) = preSolution
		Debug|Any CPU = Debug|Any CPU
		Release|Any CPU = Release|Any CPU
	EndGlobalSection
	GlobalSection(ProjectConfigurationPlatforms) = postSolution
		{305D1F97-AAFF-4E3D-A164-F997354FE2DB}.Debug|Any CPU.ActiveCfg = Debug|Any CPU
		{305D1F97-AAFF-4E3D-A164-F997354FE2DB}.Debug|Any CPU.Build.0 = Debug|Any CPU
		{305D1F97-AAFF-4E3D-A164-F997354FE2DB}.Release|Any CPU.ActiveCfg = Release|Any CPU
		{305D1F97-AAFF-4E3D-A164-F997354FE2DB}.Release|Any CPU.Build.0 = Release|Any CPU
		{FE37A53C-B9EB-4B11-87A4-094FC200C495}.Debug|Any CPU.ActiveCfg = Debug|Any CPU
		{FE37A53C-B9EB-4B11-87A4-094FC200C495}.Debug|Any CPU.Build.0 = Debug|Any CPU
		{FE37A53C-B9EB-4B11-87A4-094FC200C495}.Release|Any CPU.ActiveCfg = Release|Any CPU
		{FE37A53C-B9EB-4B11-87A4-094FC200C495}.Release|Any CPU.Build.0 = Release|Any CPU
	EndGlobalSection
	GlobalSection(SolutionProperties) = preSolution
		HideSolutionNode = FALSE
	EndGlobalSection
	GlobalSection(ExtensibilityGlobals) = postSolution
		SolutionGuid = {96B10BF2-CC57-46EC-B3D2-BE815A419DC2}
	EndGlobalSection
EndGlobal
